{
  "nodes": {
    "flake-root": {
      "locked": {
        "lastModified": 1671294861,
        "narHash": "sha256-vYyAp276tw0fdm5f/T7AwpRB38gawQgs7Id7a35uiwo=",
        "owner": "srid",
        "repo": "flake-root",
        "rev": "fc9ba33e216341b607a850f4c7e2e2d6c1baa4ad",
        "type": "github"
      },
      "original": {
        "owner": "srid",
        "ref": "init",
        "repo": "flake-root",
        "type": "github"
      }
    },
    "root": {
      "inputs": {
        "flake-root": "flake-root"
      }
    }
  },
  "root": "root",
  "version": 7
}
